
Microsoft Visual Studio Solution File, Format Version 12.00
# Visual Studio Version 17
VisualStudioVersion = 17.4.33213.308
MinimumVisualStudioVersion = 10.0.40219.1
Project("{FAE04EC0-301F-11D3-BF4B-00C04F79EFBC}") = "AdministradorDeUsuarios", "AdministradorDeUsuarios.csproj", "{80F3D04E-F61A-4C09-9F07-6318E97783BE}"
EndProject
Project("{FAE04EC0-301F-11D3-BF4B-00C04F79EFBC}") = "UsuariosLibrary", "..\UsuariosLibrary\UsuariosLibrary.csproj", "{20472983-2B76-486D-B53E-77A107228CF1}"
EndProject
Global
	GlobalSection(SolutionConfigurationPlatforms) = preSolution
		Debug|Any CPU = Debug|Any CPU
		Release|Any CPU = Release|Any CPU
	EndGlobalSection
	GlobalSection(ProjectConfigurationPlatforms) = postSolution
		{80F3D04E-F61A-4C09-9F07-6318E97783BE}.Debug|Any CPU.ActiveCfg = Debug|Any CPU
		{80F3D04E-F61A-4C09-9F07-6318E97783BE}.Debug|Any CPU.Build.0 = Debug|Any CPU
		{80F3D04E-F61A-4C09-9F07-6318E97783BE}.Release|Any CPU.ActiveCfg = Release|Any CPU
		{80F3D04E-F61A-4C09-9F07-6318E97783BE}.Release|Any CPU.Build.0 = Release|Any CPU
		{20472983-2B76-486D-B53E-77A107228CF1}.Debug|Any CPU.ActiveCfg = Debug|Any CPU
		{20472983-2B76-486D-B53E-77A107228CF1}.Debug|Any CPU.Build.0 = Debug|Any CPU
		{20472983-2B76-486D-B53E-77A107228CF1}.Release|Any CPU.ActiveCfg = Release|Any CPU
		{20472983-2B76-486D-B53E-77A107228CF1}.Release|Any CPU.Build.0 = Release|Any CPU
	EndGlobalSection
	GlobalSection(SolutionProperties) = preSolution
		HideSolutionNode = FALSE
	EndGlobalSection
	GlobalSection(ExtensibilityGlobals) = postSolution
		SolutionGuid = {DA4786A8-5FB1-4F4A-96D9-D2D2EB6702E6}
	EndGlobalSection
EndGlobal
